// !$*UTF8*$!
{
	archiveVersion = 1;
	classes = {
	};
	objectVersion = 51;
	objects = {

/* Begin PBXBuildFile section */
		481EF00F22B2C63400362F31 /* Category.swift in Sources */ = {isa = PBXBuildFile; fileRef = 481EF00E22B2C63400362F31 /* Category.swift */; };
		481EF01022B2C63400362F31 /* Category.swift in Sources */ = {isa = PBXBuildFile; fileRef = 481EF00E22B2C63400362F31 /* Category.swift */; };
		481EF01322B2C78D00362F31 /* CategoryCell.swift in Sources */ = {isa = PBXBuildFile; fileRef = 481EF01122B2C78D00362F31 /* CategoryCell.swift */; };
		481EF01422B2C78D00362F31 /* CategoryCell.swift in Sources */ = {isa = PBXBuildFile; fileRef = 481EF01122B2C78D00362F31 /* CategoryCell.swift */; };
		481EF01522B2C78D00362F31 /* CategoryCell.xib in Resources */ = {isa = PBXBuildFile; fileRef = 481EF01222B2C78D00362F31 /* CategoryCell.xib */; };
		481EF01622B2C78D00362F31 /* CategoryCell.xib in Resources */ = {isa = PBXBuildFile; fileRef = 481EF01222B2C78D00362F31 /* CategoryCell.xib */; };
		4831662022AA955B00F01501 /* RegisterVC.swift in Sources */ = {isa = PBXBuildFile; fileRef = 4831661F22AA955B00F01501 /* RegisterVC.swift */; };
		4831662222AA956B00F01501 /* LoginVC.swift in Sources */ = {isa = PBXBuildFile; fileRef = 4831662122AA956B00F01501 /* LoginVC.swift */; };
		4833760C22B1A7DB00235220 /* Firebase + Utils.swift in Sources */ = {isa = PBXBuildFile; fileRef = 4833760B22B1A7DB00235220 /* Firebase + Utils.swift */; };
		4833760D22B1A88A00235220 /* Firebase + Utils.swift in Sources */ = {isa = PBXBuildFile; fileRef = 4833760B22B1A7DB00235220 /* Firebase + Utils.swift */; };
		483FE6A622B1389A008AA6DA /* Constants.swift in Sources */ = {isa = PBXBuildFile; fileRef = 483FE6A522B1389A008AA6DA /* Constants.swift */; };
		483FE6A922B13E9E008AA6DA /* RoundedViews.swift in Sources */ = {isa = PBXBuildFile; fileRef = 483FE6A822B13E9E008AA6DA /* RoundedViews.swift */; };
		485F24AE22B16F690024F7F7 /* ForgotPasswordVC.swift in Sources */ = {isa = PBXBuildFile; fileRef = 485F24AC22B16F690024F7F7 /* ForgotPasswordVC.swift */; };
		485F24AF22B16F690024F7F7 /* ForgotPasswordVC.xib in Resources */ = {isa = PBXBuildFile; fileRef = 485F24AD22B16F690024F7F7 /* ForgotPasswordVC.xib */; };
		486C7E6022B2E6A500D997FD /* ProductCell.swift in Sources */ = {isa = PBXBuildFile; fileRef = 486C7E5E22B2E6A500D997FD /* ProductCell.swift */; };
		486C7E6122B2E6A500D997FD /* ProductCell.swift in Sources */ = {isa = PBXBuildFile; fileRef = 486C7E5E22B2E6A500D997FD /* ProductCell.swift */; };
		486C7E6222B2E6A500D997FD /* ProductCell.xib in Resources */ = {isa = PBXBuildFile; fileRef = 486C7E5F22B2E6A500D997FD /* ProductCell.xib */; };
		486C7E6322B2E6A500D997FD /* ProductCell.xib in Resources */ = {isa = PBXBuildFile; fileRef = 486C7E5F22B2E6A500D997FD /* ProductCell.xib */; };
		48C146EC22A986C4004987CF /* AppDelegate.swift in Sources */ = {isa = PBXBuildFile; fileRef = 48C146EB22A986C4004987CF /* AppDelegate.swift */; };
		48C146EE22A986C4004987CF /* HomeVC.swift in Sources */ = {isa = PBXBuildFile; fileRef = 48C146ED22A986C4004987CF /* HomeVC.swift */; };
		48C146F122A986C4004987CF /* Main.storyboard in Resources */ = {isa = PBXBuildFile; fileRef = 48C146EF22A986C4004987CF /* Main.storyboard */; };
		48C146F322A986C5004987CF /* Assets.xcassets in Resources */ = {isa = PBXBuildFile; fileRef = 48C146F222A986C5004987CF /* Assets.xcassets */; };
		48C146F622A986C5004987CF /* LaunchScreen.storyboard in Resources */ = {isa = PBXBuildFile; fileRef = 48C146F422A986C5004987CF /* LaunchScreen.storyboard */; };
		48C1470422A986E9004987CF /* AppDelegate.swift in Sources */ = {isa = PBXBuildFile; fileRef = 48C1470322A986E9004987CF /* AppDelegate.swift */; };
		48C1470622A986E9004987CF /* ViewController.swift in Sources */ = {isa = PBXBuildFile; fileRef = 48C1470522A986E9004987CF /* ViewController.swift */; };
		48C1470922A986E9004987CF /* Main.storyboard in Resources */ = {isa = PBXBuildFile; fileRef = 48C1470722A986E9004987CF /* Main.storyboard */; };
		48C1470E22A986EA004987CF /* LaunchScreen.storyboard in Resources */ = {isa = PBXBuildFile; fileRef = 48C1470C22A986EA004987CF /* LaunchScreen.storyboard */; };
		48C1471422A98728004987CF /* Assets.xcassets in Resources */ = {isa = PBXBuildFile; fileRef = 48C146F222A986C5004987CF /* Assets.xcassets */; };
		48C1471622A98D08004987CF /* Login.storyboard in Resources */ = {isa = PBXBuildFile; fileRef = 48C1471522A98D08004987CF /* Login.storyboard */; };
		48C1471822A9AE65004987CF /* GoogleService-Info.plist in Resources */ = {isa = PBXBuildFile; fileRef = 48C1471722A9AE65004987CF /* GoogleService-Info.plist */; };
		48C1471A22A9B0A1004987CF /* GoogleService-Info.plist in Resources */ = {isa = PBXBuildFile; fileRef = 48C1471922A9B0A1004987CF /* GoogleService-Info.plist */; };
		48CC208622B2DBD500EB4516 /* ProductsVC.swift in Sources */ = {isa = PBXBuildFile; fileRef = 48CC208522B2DBD500EB4516 /* ProductsVC.swift */; };
		48CC208722B2DBD500EB4516 /* ProductsVC.swift in Sources */ = {isa = PBXBuildFile; fileRef = 48CC208522B2DBD500EB4516 /* ProductsVC.swift */; };
		48CC208922B2DC0F00EB4516 /* Product.swift in Sources */ = {isa = PBXBuildFile; fileRef = 48CC208822B2DC0F00EB4516 /* Product.swift */; };
		48CC208A22B2DC0F00EB4516 /* Product.swift in Sources */ = {isa = PBXBuildFile; fileRef = 48CC208822B2DC0F00EB4516 /* Product.swift */; };
		48D034DF22B079750030C216 /* Extensions.swift in Sources */ = {isa = PBXBuildFile; fileRef = 48D034DE22B079750030C216 /* Extensions.swift */; };
		6B70B6A9B3ABEC8073DE83B8 /* Pods_ArtableAdmin.framework in Frameworks */ = {isa = PBXBuildFile; fileRef = F5437DA879903DE073159A75 /* Pods_ArtableAdmin.framework */; };
		7F28DAA3193F08CD91B8B723 /* Pods_Artable.framework in Frameworks */ = {isa = PBXBuildFile; fileRef = 447329D115D0676A0229A4A9 /* Pods_Artable.framework */; };
/* End PBXBuildFile section */

/* Begin PBXFileReference section */
		1C5ADE83AE2331DF1062E957 /* Pods-Artable.debug.xcconfig */ = {isa = PBXFileReference; includeInIndex = 1; lastKnownFileType = text.xcconfig; name = "Pods-Artable.debug.xcconfig"; path = "Target Support Files/Pods-Artable/Pods-Artable.debug.xcconfig"; sourceTree = "<group>"; };
		447329D115D0676A0229A4A9 /* Pods_Artable.framework */ = {isa = PBXFileReference; explicitFileType = wrapper.framework; includeInIndex = 0; path = Pods_Artable.framework; sourceTree = BUILT_PRODUCTS_DIR; };
		459C45CDB919CBBB0512817E /* Pods-ArtableAdmin.release.xcconfig */ = {isa = PBXFileReference; includeInIndex = 1; lastKnownFileType = text.xcconfig; name = "Pods-ArtableAdmin.release.xcconfig"; path = "Target Support Files/Pods-ArtableAdmin/Pods-ArtableAdmin.release.xcconfig"; sourceTree = "<group>"; };
		481EF00E22B2C63400362F31 /* Category.swift */ = {isa = PBXFileReference; lastKnownFileType = sourcecode.swift; path = Category.swift; sourceTree = "<group>"; };
		481EF01122B2C78D00362F31 /* CategoryCell.swift */ = {isa = PBXFileReference; lastKnownFileType = sourcecode.swift; path = CategoryCell.swift; sourceTree = "<group>"; };
		481EF01222B2C78D00362F31 /* CategoryCell.xib */ = {isa = PBXFileReference; lastKnownFileType = file.xib; path = CategoryCell.xib; sourceTree = "<group>"; };
		4831661F22AA955B00F01501 /* RegisterVC.swift */ = {isa = PBXFileReference; lastKnownFileType = sourcecode.swift; path = RegisterVC.swift; sourceTree = "<group>"; };
		4831662122AA956B00F01501 /* LoginVC.swift */ = {isa = PBXFileReference; lastKnownFileType = sourcecode.swift; path = LoginVC.swift; sourceTree = "<group>"; };
		4833760B22B1A7DB00235220 /* Firebase + Utils.swift */ = {isa = PBXFileReference; lastKnownFileType = sourcecode.swift; path = "Firebase + Utils.swift"; sourceTree = "<group>"; };
		483FE6A522B1389A008AA6DA /* Constants.swift */ = {isa = PBXFileReference; lastKnownFileType = sourcecode.swift; path = Constants.swift; sourceTree = "<group>"; };
		483FE6A822B13E9E008AA6DA /* RoundedViews.swift */ = {isa = PBXFileReference; lastKnownFileType = sourcecode.swift; path = RoundedViews.swift; sourceTree = "<group>"; };
		485F24AC22B16F690024F7F7 /* ForgotPasswordVC.swift */ = {isa = PBXFileReference; lastKnownFileType = sourcecode.swift; path = ForgotPasswordVC.swift; sourceTree = "<group>"; };
		485F24AD22B16F690024F7F7 /* ForgotPasswordVC.xib */ = {isa = PBXFileReference; lastKnownFileType = file.xib; path = ForgotPasswordVC.xib; sourceTree = "<group>"; };
		486C7E5E22B2E6A500D997FD /* ProductCell.swift */ = {isa = PBXFileReference; lastKnownFileType = sourcecode.swift; path = ProductCell.swift; sourceTree = "<group>"; };
		486C7E5F22B2E6A500D997FD /* ProductCell.xib */ = {isa = PBXFileReference; lastKnownFileType = file.xib; path = ProductCell.xib; sourceTree = "<group>"; };
		48C146E822A986C4004987CF /* Artable.app */ = {isa = PBXFileReference; explicitFileType = wrapper.application; includeInIndex = 0; path = Artable.app; sourceTree = BUILT_PRODUCTS_DIR; };
		48C146EB22A986C4004987CF /* AppDelegate.swift */ = {isa = PBXFileReference; lastKnownFileType = sourcecode.swift; path = AppDelegate.swift; sourceTree = "<group>"; };
		48C146ED22A986C4004987CF /* HomeVC.swift */ = {isa = PBXFileReference; lastKnownFileType = sourcecode.swift; path = HomeVC.swift; sourceTree = "<group>"; };
		48C146F022A986C4004987CF /* Base */ = {isa = PBXFileReference; lastKnownFileType = file.storyboard; name = Base; path = Base.lproj/Main.storyboard; sourceTree = "<group>"; };
		48C146F222A986C5004987CF /* Assets.xcassets */ = {isa = PBXFileReference; lastKnownFileType = folder.assetcatalog; path = Assets.xcassets; sourceTree = "<group>"; };
		48C146F522A986C5004987CF /* Base */ = {isa = PBXFileReference; lastKnownFileType = file.storyboard; name = Base; path = Base.lproj/LaunchScreen.storyboard; sourceTree = "<group>"; };
		48C146F722A986C5004987CF /* Info.plist */ = {isa = PBXFileReference; lastKnownFileType = text.plist.xml; path = Info.plist; sourceTree = "<group>"; };
		48C1470122A986E9004987CF /* ArtableAdmin.app */ = {isa = PBXFileReference; explicitFileType = wrapper.application; includeInIndex = 0; path = ArtableAdmin.app; sourceTree = BUILT_PRODUCTS_DIR; };
		48C1470322A986E9004987CF /* AppDelegate.swift */ = {isa = PBXFileReference; lastKnownFileType = sourcecode.swift; path = AppDelegate.swift; sourceTree = "<group>"; };
		48C1470522A986E9004987CF /* ViewController.swift */ = {isa = PBXFileReference; lastKnownFileType = sourcecode.swift; path = ViewController.swift; sourceTree = "<group>"; };
		48C1470822A986E9004987CF /* Base */ = {isa = PBXFileReference; lastKnownFileType = file.storyboard; name = Base; path = Base.lproj/Main.storyboard; sourceTree = "<group>"; };
		48C1470D22A986EA004987CF /* Base */ = {isa = PBXFileReference; lastKnownFileType = file.storyboard; name = Base; path = Base.lproj/LaunchScreen.storyboard; sourceTree = "<group>"; };
		48C1470F22A986EA004987CF /* Info.plist */ = {isa = PBXFileReference; lastKnownFileType = text.plist.xml; path = Info.plist; sourceTree = "<group>"; };
		48C1471522A98D08004987CF /* Login.storyboard */ = {isa = PBXFileReference; lastKnownFileType = file.storyboard; path = Login.storyboard; sourceTree = "<group>"; };
		48C1471722A9AE65004987CF /* GoogleService-Info.plist */ = {isa = PBXFileReference; fileEncoding = 4; lastKnownFileType = text.plist.xml; path = "GoogleService-Info.plist"; sourceTree = "<group>"; };
		48C1471922A9B0A1004987CF /* GoogleService-Info.plist */ = {isa = PBXFileReference; fileEncoding = 4; lastKnownFileType = text.plist.xml; path = "GoogleService-Info.plist"; sourceTree = "<group>"; };
		48CC208522B2DBD500EB4516 /* ProductsVC.swift */ = {isa = PBXFileReference; lastKnownFileType = sourcecode.swift; path = ProductsVC.swift; sourceTree = "<group>"; };
		48CC208822B2DC0F00EB4516 /* Product.swift */ = {isa = PBXFileReference; lastKnownFileType = sourcecode.swift; path = Product.swift; sourceTree = "<group>"; };
		48D034DE22B079750030C216 /* Extensions.swift */ = {isa = PBXFileReference; lastKnownFileType = sourcecode.swift; path = Extensions.swift; sourceTree = "<group>"; };
		A1DCA331FD07A4D884092441 /* Pods-Artable.release.xcconfig */ = {isa = PBXFileReference; includeInIndex = 1; lastKnownFileType = text.xcconfig; name = "Pods-Artable.release.xcconfig"; path = "Target Support Files/Pods-Artable/Pods-Artable.release.xcconfig"; sourceTree = "<group>"; };
		D737D7CD321C9773AFBF017C /* Pods-ArtableAdmin.debug.xcconfig */ = {isa = PBXFileReference; includeInIndex = 1; lastKnownFileType = text.xcconfig; name = "Pods-ArtableAdmin.debug.xcconfig"; path = "Target Support Files/Pods-ArtableAdmin/Pods-ArtableAdmin.debug.xcconfig"; sourceTree = "<group>"; };
		F5437DA879903DE073159A75 /* Pods_ArtableAdmin.framework */ = {isa = PBXFileReference; explicitFileType = wrapper.framework; includeInIndex = 0; path = Pods_ArtableAdmin.framework; sourceTree = BUILT_PRODUCTS_DIR; };
/* End PBXFileReference section */

/* Begin PBXFrameworksBuildPhase section */
		48C146E522A986C4004987CF /* Frameworks */ = {
			isa = PBXFrameworksBuildPhase;
			buildActionMask = 2147483647;
			files = (
				7F28DAA3193F08CD91B8B723 /* Pods_Artable.framework in Frameworks */,
			);
			runOnlyForDeploymentPostprocessing = 0;
		};
		48C146FE22A986E9004987CF /* Frameworks */ = {
			isa = PBXFrameworksBuildPhase;
			buildActionMask = 2147483647;
			files = (
				6B70B6A9B3ABEC8073DE83B8 /* Pods_ArtableAdmin.framework in Frameworks */,
			);
			runOnlyForDeploymentPostprocessing = 0;
		};
/* End PBXFrameworksBuildPhase section */

/* Begin PBXGroup section */
		481EF01722B2C79500362F31 /* Xibs */ = {
			isa = PBXGroup;
			children = (
				481EF01222B2C78D00362F31 /* CategoryCell.xib */,
				486C7E5F22B2E6A500D997FD /* ProductCell.xib */,
			);
			path = Xibs;
			sourceTree = "<group>";
		};
		4831661B22AA949400F01501 /* Controller */ = {
			isa = PBXGroup;
			children = (
				4831662122AA956B00F01501 /* LoginVC.swift */,
				4831661F22AA955B00F01501 /* RegisterVC.swift */,
				48C146ED22A986C4004987CF /* HomeVC.swift */,
				48C146EB22A986C4004987CF /* AppDelegate.swift */,
				48CC208522B2DBD500EB4516 /* ProductsVC.swift */,
			);
			path = Controller;
			sourceTree = "<group>";
		};
		4831661C22AA949D00F01501 /* View */ = {
			isa = PBXGroup;
			children = (
			);
			path = View;
			sourceTree = "<group>";
		};
		4831661D22AA94A200F01501 /* Model */ = {
			isa = PBXGroup;
			children = (
				481EF00E22B2C63400362F31 /* Category.swift */,
				48CC208822B2DC0F00EB4516 /* Product.swift */,
			);
			path = Model;
			sourceTree = "<group>";
		};
		4831661E22AA94A800F01501 /* Storyboards */ = {
			isa = PBXGroup;
			children = (
				48C1471522A98D08004987CF /* Login.storyboard */,
				48C146EF22A986C4004987CF /* Main.storyboard */,
				48C146F422A986C5004987CF /* LaunchScreen.storyboard */,
			);
			path = Storyboards;
			sourceTree = "<group>";
		};
		483FE6A722B13E8C008AA6DA /* View */ = {
			isa = PBXGroup;
			children = (
				483FE6A822B13E9E008AA6DA /* RoundedViews.swift */,
				481EF01122B2C78D00362F31 /* CategoryCell.swift */,
				486C7E5E22B2E6A500D997FD /* ProductCell.swift */,
			);
			path = View;
			sourceTree = "<group>";
		};
		485F24AB22B16F470024F7F7 /* Xibs */ = {
			isa = PBXGroup;
			children = (
				485F24AC22B16F690024F7F7 /* ForgotPasswordVC.swift */,
				485F24AD22B16F690024F7F7 /* ForgotPasswordVC.xib */,
			);
			path = Xibs;
			sourceTree = "<group>";
		};
		48C146DF22A986C4004987CF = {
			isa = PBXGroup;
			children = (
				48C1471322A98702004987CF /* Shared */,
				48C146EA22A986C4004987CF /* Artable */,
				48C1470222A986E9004987CF /* ArtableAdmin */,
				48C146E922A986C4004987CF /* Products */,
				6403036186A764710E3113A7 /* Pods */,
				9FD05949769AB339EB3DF5AA /* Frameworks */,
			);
			sourceTree = "<group>";
		};
		48C146E922A986C4004987CF /* Products */ = {
			isa = PBXGroup;
			children = (
				48C146E822A986C4004987CF /* Artable.app */,
				48C1470122A986E9004987CF /* ArtableAdmin.app */,
			);
			name = Products;
			sourceTree = "<group>";
		};
		48C146EA22A986C4004987CF /* Artable */ = {
			isa = PBXGroup;
			children = (
				485F24AB22B16F470024F7F7 /* Xibs */,
				4831661C22AA949D00F01501 /* View */,
				4831661B22AA949400F01501 /* Controller */,
				4831661E22AA94A800F01501 /* Storyboards */,
				48C1471722A9AE65004987CF /* GoogleService-Info.plist */,
				48C146F722A986C5004987CF /* Info.plist */,
			);
			path = Artable;
			sourceTree = "<group>";
		};
		48C1470222A986E9004987CF /* ArtableAdmin */ = {
			isa = PBXGroup;
			children = (
				48C1470322A986E9004987CF /* AppDelegate.swift */,
				48C1470522A986E9004987CF /* ViewController.swift */,
				48C1470722A986E9004987CF /* Main.storyboard */,
				48C1470C22A986EA004987CF /* LaunchScreen.storyboard */,
				48C1471922A9B0A1004987CF /* GoogleService-Info.plist */,
				48C1470F22A986EA004987CF /* Info.plist */,
			);
			path = ArtableAdmin;
			sourceTree = "<group>";
		};
		48C1471322A98702004987CF /* Shared */ = {
			isa = PBXGroup;
			children = (
				481EF01722B2C79500362F31 /* Xibs */,
				4831661D22AA94A200F01501 /* Model */,
				483FE6A722B13E8C008AA6DA /* View */,
				48D034DD22B0795C0030C216 /* Utils */,
				48C146F222A986C5004987CF /* Assets.xcassets */,
			);
			path = Shared;
			sourceTree = "<group>";
		};
		48D034DD22B0795C0030C216 /* Utils */ = {
			isa = PBXGroup;
			children = (
				48D034DE22B079750030C216 /* Extensions.swift */,
				483FE6A522B1389A008AA6DA /* Constants.swift */,
				4833760B22B1A7DB00235220 /* Firebase + Utils.swift */,
			);
			path = Utils;
			sourceTree = "<group>";
		};
		6403036186A764710E3113A7 /* Pods */ = {
			isa = PBXGroup;
			children = (
				1C5ADE83AE2331DF1062E957 /* Pods-Artable.debug.xcconfig */,
				A1DCA331FD07A4D884092441 /* Pods-Artable.release.xcconfig */,
				D737D7CD321C9773AFBF017C /* Pods-ArtableAdmin.debug.xcconfig */,
				459C45CDB919CBBB0512817E /* Pods-ArtableAdmin.release.xcconfig */,
			);
			path = Pods;
			sourceTree = "<group>";
		};
		9FD05949769AB339EB3DF5AA /* Frameworks */ = {
			isa = PBXGroup;
			children = (
				447329D115D0676A0229A4A9 /* Pods_Artable.framework */,
				F5437DA879903DE073159A75 /* Pods_ArtableAdmin.framework */,
			);
			name = Frameworks;
			sourceTree = "<group>";
		};
/* End PBXGroup section */

/* Begin PBXNativeTarget section */
		48C146E722A986C4004987CF /* Artable */ = {
			isa = PBXNativeTarget;
			buildConfigurationList = 48C146FA22A986C5004987CF /* Build configuration list for PBXNativeTarget "Artable" */;
			buildPhases = (
				1A353F1F38BD5D875F2DD9D6 /* [CP] Check Pods Manifest.lock */,
				48C146E422A986C4004987CF /* Sources */,
				48C146E522A986C4004987CF /* Frameworks */,
				48C146E622A986C4004987CF /* Resources */,
				ABC3FF8D36C8E142C8277A4F /* [CP] Embed Pods Frameworks */,
			);
			buildRules = (
			);
			dependencies = (
			);
			name = Artable;
			productName = Artable;
			productReference = 48C146E822A986C4004987CF /* Artable.app */;
			productType = "com.apple.product-type.application";
		};
		48C1470022A986E9004987CF /* ArtableAdmin */ = {
			isa = PBXNativeTarget;
			buildConfigurationList = 48C1471022A986EA004987CF /* Build configuration list for PBXNativeTarget "ArtableAdmin" */;
			buildPhases = (
				562C8E40DAF23F4DE157410E /* [CP] Check Pods Manifest.lock */,
				48C146FD22A986E9004987CF /* Sources */,
				48C146FE22A986E9004987CF /* Frameworks */,
				48C146FF22A986E9004987CF /* Resources */,
				00F2342F82ACC6E7C31328A7 /* [CP] Embed Pods Frameworks */,
			);
			buildRules = (
			);
			dependencies = (
			);
			name = ArtableAdmin;
			productName = ArtableAdmin;
			productReference = 48C1470122A986E9004987CF /* ArtableAdmin.app */;
			productType = "com.apple.product-type.application";
		};
/* End PBXNativeTarget section */

/* Begin PBXProject section */
		48C146E022A986C4004987CF /* Project object */ = {
			isa = PBXProject;
			attributes = {
				LastSwiftUpdateCheck = 1020;
				LastUpgradeCheck = 1020;
				ORGANIZATIONNAME = "Fred Lefevre";
				TargetAttributes = {
					48C146E722A986C4004987CF = {
						CreatedOnToolsVersion = 10.2.1;
					};
					48C1470022A986E9004987CF = {
						CreatedOnToolsVersion = 10.2.1;
					};
				};
			};
			buildConfigurationList = 48C146E322A986C4004987CF /* Build configuration list for PBXProject "Artable" */;
			compatibilityVersion = "Xcode 9.3";
			developmentRegion = en;
			hasScannedForEncodings = 0;
			knownRegions = (
				en,
				Base,
			);
			mainGroup = 48C146DF22A986C4004987CF;
			productRefGroup = 48C146E922A986C4004987CF /* Products */;
			projectDirPath = "";
			projectRoot = "";
			targets = (
				48C146E722A986C4004987CF /* Artable */,
				48C1470022A986E9004987CF /* ArtableAdmin */,
			);
		};
/* End PBXProject section */

/* Begin PBXResourcesBuildPhase section */
		48C146E622A986C4004987CF /* Resources */ = {
			isa = PBXResourcesBuildPhase;
			buildActionMask = 2147483647;
			files = (
				48C1471622A98D08004987CF /* Login.storyboard in Resources */,
				486C7E6222B2E6A500D997FD /* ProductCell.xib in Resources */,
				481EF01522B2C78D00362F31 /* CategoryCell.xib in Resources */,
				48C146F622A986C5004987CF /* LaunchScreen.storyboard in Resources */,
				48C1471822A9AE65004987CF /* GoogleService-Info.plist in Resources */,
				48C146F322A986C5004987CF /* Assets.xcassets in Resources */,
				485F24AF22B16F690024F7F7 /* ForgotPasswordVC.xib in Resources */,
				48C146F122A986C4004987CF /* Main.storyboard in Resources */,
			);
			runOnlyForDeploymentPostprocessing = 0;
		};
		48C146FF22A986E9004987CF /* Resources */ = {
			isa = PBXResourcesBuildPhase;
			buildActionMask = 2147483647;
			files = (
				481EF01622B2C78D00362F31 /* CategoryCell.xib in Resources */,
				48C1470E22A986EA004987CF /* LaunchScreen.storyboard in Resources */,
				48C1471422A98728004987CF /* Assets.xcassets in Resources */,
				486C7E6322B2E6A500D997FD /* ProductCell.xib in Resources */,
				48C1470922A986E9004987CF /* Main.storyboard in Resources */,
				48C1471A22A9B0A1004987CF /* GoogleService-Info.plist in Resources */,
			);
			runOnlyForDeploymentPostprocessing = 0;
		};
/* End PBXResourcesBuildPhase section */

/* Begin PBXShellScriptBuildPhase section */
		00F2342F82ACC6E7C31328A7 /* [CP] Embed Pods Frameworks */ = {
			isa = PBXShellScriptBuildPhase;
			buildActionMask = 2147483647;
			files = (
			);
			inputFileListPaths = (
				"${PODS_ROOT}/Target Support Files/Pods-ArtableAdmin/Pods-ArtableAdmin-frameworks-${CONFIGURATION}-input-files.xcfilelist",
			);
			name = "[CP] Embed Pods Frameworks";
			outputFileListPaths = (
				"${PODS_ROOT}/Target Support Files/Pods-ArtableAdmin/Pods-ArtableAdmin-frameworks-${CONFIGURATION}-output-files.xcfilelist",
			);
			runOnlyForDeploymentPostprocessing = 0;
			shellPath = /bin/sh;
			shellScript = "\"${PODS_ROOT}/Target Support Files/Pods-ArtableAdmin/Pods-ArtableAdmin-frameworks.sh\"\n";
			showEnvVarsInLog = 0;
		};
		1A353F1F38BD5D875F2DD9D6 /* [CP] Check Pods Manifest.lock */ = {
			isa = PBXShellScriptBuildPhase;
			buildActionMask = 2147483647;
			files = (
			);
			inputFileListPaths = (
			);
			inputPaths = (
				"${PODS_PODFILE_DIR_PATH}/Podfile.lock",
				"${PODS_ROOT}/Manifest.lock",
			);
			name = "[CP] Check Pods Manifest.lock";
			outputFileListPaths = (
			);
			outputPaths = (
				"$(DERIVED_FILE_DIR)/Pods-Artable-checkManifestLockResult.txt",
			);
			runOnlyForDeploymentPostprocessing = 0;
			shellPath = /bin/sh;
			shellScript = "diff \"${PODS_PODFILE_DIR_PATH}/Podfile.lock\" \"${PODS_ROOT}/Manifest.lock\" > /dev/null\nif [ $? != 0 ] ; then\n    # print error to STDERR\n    echo \"error: The sandbox is not in sync with the Podfile.lock. Run 'pod install' or update your CocoaPods installation.\" >&2\n    exit 1\nfi\n# This output is used by Xcode 'outputs' to avoid re-running this script phase.\necho \"SUCCESS\" > \"${SCRIPT_OUTPUT_FILE_0}\"\n";
			showEnvVarsInLog = 0;
		};
		562C8E40DAF23F4DE157410E /* [CP] Check Pods Manifest.lock */ = {
			isa = PBXShellScriptBuildPhase;
			buildActionMask = 2147483647;
			files = (
			);
			inputFileListPaths = (
			);
			inputPaths = (
				"${PODS_PODFILE_DIR_PATH}/Podfile.lock",
				"${PODS_ROOT}/Manifest.lock",
			);
			name = "[CP] Check Pods Manifest.lock";
			outputFileListPaths = (
			);
			outputPaths = (
				"$(DERIVED_FILE_DIR)/Pods-ArtableAdmin-checkManifestLockResult.txt",
			);
			runOnlyForDeploymentPostprocessing = 0;
			shellPath = /bin/sh;
			shellScript = "diff \"${PODS_PODFILE_DIR_PATH}/Podfile.lock\" \"${PODS_ROOT}/Manifest.lock\" > /dev/null\nif [ $? != 0 ] ; then\n    # print error to STDERR\n    echo \"error: The sandbox is not in sync with the Podfile.lock. Run 'pod install' or update your CocoaPods installation.\" >&2\n    exit 1\nfi\n# This output is used by Xcode 'outputs' to avoid re-running this script phase.\necho \"SUCCESS\" > \"${SCRIPT_OUTPUT_FILE_0}\"\n";
			showEnvVarsInLog = 0;
		};
		ABC3FF8D36C8E142C8277A4F /* [CP] Embed Pods Frameworks */ = {
			isa = PBXShellScriptBuildPhase;
			buildActionMask = 2147483647;
			files = (
			);
			inputFileListPaths = (
				"${PODS_ROOT}/Target Support Files/Pods-Artable/Pods-Artable-frameworks-${CONFIGURATION}-input-files.xcfilelist",
			);
			name = "[CP] Embed Pods Frameworks";
			outputFileListPaths = (
				"${PODS_ROOT}/Target Support Files/Pods-Artable/Pods-Artable-frameworks-${CONFIGURATION}-output-files.xcfilelist",
			);
			runOnlyForDeploymentPostprocessing = 0;
			shellPath = /bin/sh;
			shellScript = "\"${PODS_ROOT}/Target Support Files/Pods-Artable/Pods-Artable-frameworks.sh\"\n";
			showEnvVarsInLog = 0;
		};
/* End PBXShellScriptBuildPhase section */

/* Begin PBXSourcesBuildPhase section */
		48C146E422A986C4004987CF /* Sources */ = {
			isa = PBXSourcesBuildPhase;
			buildActionMask = 2147483647;
			files = (
				48D034DF22B079750030C216 /* Extensions.swift in Sources */,
				481EF00F22B2C63400362F31 /* Category.swift in Sources */,
				4833760C22B1A7DB00235220 /* Firebase + Utils.swift in Sources */,
				4831662022AA955B00F01501 /* RegisterVC.swift in Sources */,
				48C146EE22A986C4004987CF /* HomeVC.swift in Sources */,
				486C7E6022B2E6A500D997FD /* ProductCell.swift in Sources */,
				4831662222AA956B00F01501 /* LoginVC.swift in Sources */,
				483FE6A922B13E9E008AA6DA /* RoundedViews.swift in Sources */,
				48C146EC22A986C4004987CF /* AppDelegate.swift in Sources */,
				48CC208622B2DBD500EB4516 /* ProductsVC.swift in Sources */,
				485F24AE22B16F690024F7F7 /* ForgotPasswordVC.swift in Sources */,
				483FE6A622B1389A008AA6DA /* Constants.swift in Sources */,
				481EF01322B2C78D00362F31 /* CategoryCell.swift in Sources */,
				48CC208922B2DC0F00EB4516 /* Product.swift in Sources */,
			);
			runOnlyForDeploymentPostprocessing = 0;
		};
		48C146FD22A986E9004987CF /* Sources */ = {
			isa = PBXSourcesBuildPhase;
			buildActionMask = 2147483647;
			files = (
				48C1470622A986E9004987CF /* ViewController.swift in Sources */,
				4833760D22B1A88A00235220 /* Firebase + Utils.swift in Sources */,
				48CC208722B2DBD500EB4516 /* ProductsVC.swift in Sources */,
				48C1470422A986E9004987CF /* AppDelegate.swift in Sources */,
				481EF01022B2C63400362F31 /* Category.swift in Sources */,
				486C7E6122B2E6A500D997FD /* ProductCell.swift in Sources */,
				481EF01422B2C78D00362F31 /* CategoryCell.swift in Sources */,
				48CC208A22B2DC0F00EB4516 /* Product.swift in Sources */,
			);
			runOnlyForDeploymentPostprocessing = 0;
		};
/* End PBXSourcesBuildPhase section */

/* Begin PBXVariantGroup section */
		48C146EF22A986C4004987CF /* Main.storyboard */ = {
			isa = PBXVariantGroup;
			children = (
				48C146F022A986C4004987CF /* Base */,
			);
			name = Main.storyboard;
			sourceTree = "<group>";
		};
		48C146F422A986C5004987CF /* LaunchScreen.storyboard */ = {
			isa = PBXVariantGroup;
			children = (
				48C146F522A986C5004987CF /* Base */,
			);
			name = LaunchScreen.storyboard;
			sourceTree = "<group>";
		};
		48C1470722A986E9004987CF /* Main.storyboard */ = {
			isa = PBXVariantGroup;
			children = (
				48C1470822A986E9004987CF /* Base */,
			);
			name = Main.storyboard;
			sourceTree = "<group>";
		};
		48C1470C22A986EA004987CF /* LaunchScreen.storyboard */ = {
			isa = PBXVariantGroup;
			children = (
				48C1470D22A986EA004987CF /* Base */,
			);
			name = LaunchScreen.storyboard;
			sourceTree = "<group>";
		};
/* End PBXVariantGroup section */

/* Begin XCBuildConfiguration section */
		48C146F822A986C5004987CF /* Debug */ = {
			isa = XCBuildConfiguration;
			buildSettings = {
				ALWAYS_SEARCH_USER_PATHS = NO;
				CLANG_ANALYZER_NONNULL = YES;
				CLANG_ANALYZER_NUMBER_OBJECT_CONVERSION = YES_AGGRESSIVE;
				CLANG_CXX_LANGUAGE_STANDARD = "gnu++14";
				CLANG_CXX_LIBRARY = "libc++";
				CLANG_ENABLE_MODULES = YES;
				CLANG_ENABLE_OBJC_ARC = YES;
				CLANG_ENABLE_OBJC_WEAK = YES;
				CLANG_WARN_BLOCK_CAPTURE_AUTORELEASING = YES;
				CLANG_WARN_BOOL_CONVERSION = YES;
				CLANG_WARN_COMMA = YES;
				CLANG_WARN_CONSTANT_CONVERSION = YES;
				CLANG_WARN_DEPRECATED_OBJC_IMPLEMENTATIONS = YES;
				CLANG_WARN_DIRECT_OBJC_ISA_USAGE = YES_ERROR;
				CLANG_WARN_DOCUMENTATION_COMMENTS = YES;
				CLANG_WARN_EMPTY_BODY = YES;
				CLANG_WARN_ENUM_CONVERSION = YES;
				CLANG_WARN_INFINITE_RECURSION = YES;
				CLANG_WARN_INT_CONVERSION = YES;
				CLANG_WARN_NON_LITERAL_NULL_CONVERSION = YES;
				CLANG_WARN_OBJC_IMPLICIT_RETAIN_SELF = YES;
				CLANG_WARN_OBJC_LITERAL_CONVERSION = YES;
				CLANG_WARN_OBJC_ROOT_CLASS = YES_ERROR;
				CLANG_WARN_RANGE_LOOP_ANALYSIS = YES;
				CLANG_WARN_STRICT_PROTOTYPES = YES;
				CLANG_WARN_SUSPICIOUS_MOVE = YES;
				CLANG_WARN_UNGUARDED_AVAILABILITY = YES_AGGRESSIVE;
				CLANG_WARN_UNREACHABLE_CODE = YES;
				CLANG_WARN__DUPLICATE_METHOD_MATCH = YES;
				CODE_SIGN_IDENTITY = "iPhone Developer";
				COPY_PHASE_STRIP = NO;
				DEBUG_INFORMATION_FORMAT = dwarf;
				ENABLE_STRICT_OBJC_MSGSEND = YES;
				ENABLE_TESTABILITY = YES;
				GCC_C_LANGUAGE_STANDARD = gnu11;
				GCC_DYNAMIC_NO_PIC = NO;
				GCC_NO_COMMON_BLOCKS = YES;
				GCC_OPTIMIZATION_LEVEL = 0;
				GCC_PREPROCESSOR_DEFINITIONS = (
					"DEBUG=1",
					"$(inherited)",
				);
				GCC_WARN_64_TO_32_BIT_CONVERSION = YES;
				GCC_WARN_ABOUT_RETURN_TYPE = YES_ERROR;
				GCC_WARN_UNDECLARED_SELECTOR = YES;
				GCC_WARN_UNINITIALIZED_AUTOS = YES_AGGRESSIVE;
				GCC_WARN_UNUSED_FUNCTION = YES;
				GCC_WARN_UNUSED_VARIABLE = YES;
				IPHONEOS_DEPLOYMENT_TARGET = 12.2;
				MTL_ENABLE_DEBUG_INFO = INCLUDE_SOURCE;
				MTL_FAST_MATH = YES;
				ONLY_ACTIVE_ARCH = YES;
				SDKROOT = iphoneos;
				SWIFT_ACTIVE_COMPILATION_CONDITIONS = DEBUG;
				SWIFT_OPTIMIZATION_LEVEL = "-Onone";
			};
			name = Debug;
		};
		48C146F922A986C5004987CF /* Release */ = {
			isa = XCBuildConfiguration;
			buildSettings = {
				ALWAYS_SEARCH_USER_PATHS = NO;
				CLANG_ANALYZER_NONNULL = YES;
				CLANG_ANALYZER_NUMBER_OBJECT_CONVERSION = YES_AGGRESSIVE;
				CLANG_CXX_LANGUAGE_STANDARD = "gnu++14";
				CLANG_CXX_LIBRARY = "libc++";
				CLANG_ENABLE_MODULES = YES;
				CLANG_ENABLE_OBJC_ARC = YES;
				CLANG_ENABLE_OBJC_WEAK = YES;
				CLANG_WARN_BLOCK_CAPTURE_AUTORELEASING = YES;
				CLANG_WARN_BOOL_CONVERSION = YES;
				CLANG_WARN_COMMA = YES;
				CLANG_WARN_CONSTANT_CONVERSION = YES;
				CLANG_WARN_DEPRECATED_OBJC_IMPLEMENTATIONS = YES;
				CLANG_WARN_DIRECT_OBJC_ISA_USAGE = YES_ERROR;
				CLANG_WARN_DOCUMENTATION_COMMENTS = YES;
				CLANG_WARN_EMPTY_BODY = YES;
				CLANG_WARN_ENUM_CONVERSION = YES;
				CLANG_WARN_INFINITE_RECURSION = YES;
				CLANG_WARN_INT_CONVERSION = YES;
				CLANG_WARN_NON_LITERAL_NULL_CONVERSION = YES;
				CLANG_WARN_OBJC_IMPLICIT_RETAIN_SELF = YES;
				CLANG_WARN_OBJC_LITERAL_CONVERSION = YES;
				CLANG_WARN_OBJC_ROOT_CLASS = YES_ERROR;
				CLANG_WARN_RANGE_LOOP_ANALYSIS = YES;
				CLANG_WARN_STRICT_PROTOTYPES = YES;
				CLANG_WARN_SUSPICIOUS_MOVE = YES;
				CLANG_WARN_UNGUARDED_AVAILABILITY = YES_AGGRESSIVE;
				CLANG_WARN_UNREACHABLE_CODE = YES;
				CLANG_WARN__DUPLICATE_METHOD_MATCH = YES;
				CODE_SIGN_IDENTITY = "iPhone Developer";
				COPY_PHASE_STRIP = NO;
				DEBUG_INFORMATION_FORMAT = "dwarf-with-dsym";
				ENABLE_NS_ASSERTIONS = NO;
				ENABLE_STRICT_OBJC_MSGSEND = YES;
				GCC_C_LANGUAGE_STANDARD = gnu11;
				GCC_NO_COMMON_BLOCKS = YES;
				GCC_WARN_64_TO_32_BIT_CONVERSION = YES;
				GCC_WARN_ABOUT_RETURN_TYPE = YES_ERROR;
				GCC_WARN_UNDECLARED_SELECTOR = YES;
				GCC_WARN_UNINITIALIZED_AUTOS = YES_AGGRESSIVE;
				GCC_WARN_UNUSED_FUNCTION = YES;
				GCC_WARN_UNUSED_VARIABLE = YES;
				IPHONEOS_DEPLOYMENT_TARGET = 12.2;
				MTL_ENABLE_DEBUG_INFO = NO;
				MTL_FAST_MATH = YES;
				SDKROOT = iphoneos;
				SWIFT_COMPILATION_MODE = wholemodule;
				SWIFT_OPTIMIZATION_LEVEL = "-O";
				VALIDATE_PRODUCT = YES;
			};
			name = Release;
		};
		48C146FB22A986C5004987CF /* Debug */ = {
			isa = XCBuildConfiguration;
			baseConfigurationReference = 1C5ADE83AE2331DF1062E957 /* Pods-Artable.debug.xcconfig */;
			buildSettings = {
				ASSETCATALOG_COMPILER_APPICON_NAME = AppIcon;
				CODE_SIGN_STYLE = Automatic;
				DEVELOPMENT_TEAM = R6V3TXD99T;
				INFOPLIST_FILE = Artable/Info.plist;
				IPHONEOS_DEPLOYMENT_TARGET = 10.0;
				LD_RUNPATH_SEARCH_PATHS = (
					"$(inherited)",
					"@executable_path/Frameworks",
				);
				PRODUCT_BUNDLE_IDENTIFIER = com.fredlefevre.Artable;
				PRODUCT_NAME = "$(TARGET_NAME)";
				SWIFT_VERSION = 5.0;
				TARGETED_DEVICE_FAMILY = "1,2";
			};
			name = Debug;
		};
		48C146FC22A986C5004987CF /* Release */ = {
			isa = XCBuildConfiguration;
			baseConfigurationReference = A1DCA331FD07A4D884092441 /* Pods-Artable.release.xcconfig */;
			buildSettings = {
				ASSETCATALOG_COMPILER_APPICON_NAME = AppIcon;
				CODE_SIGN_STYLE = Automatic;
				DEVELOPMENT_TEAM = R6V3TXD99T;
				INFOPLIST_FILE = Artable/Info.plist;
				IPHONEOS_DEPLOYMENT_TARGET = 10.0;
				LD_RUNPATH_SEARCH_PATHS = (
					"$(inherited)",
					"@executable_path/Frameworks",
				);
				PRODUCT_BUNDLE_IDENTIFIER = com.fredlefevre.Artable;
				PRODUCT_NAME = "$(TARGET_NAME)";
				SWIFT_VERSION = 5.0;
				TARGETED_DEVICE_FAMILY = "1,2";
			};
			name = Release;
		};
		48C1471122A986EA004987CF /* Debug */ = {
			isa = XCBuildConfiguration;
			baseConfigurationReference = D737D7CD321C9773AFBF017C /* Pods-ArtableAdmin.debug.xcconfig */;
			buildSettings = {
				ASSETCATALOG_COMPILER_APPICON_NAME = AppIcon;
				CODE_SIGN_STYLE = Automatic;
				DEVELOPMENT_TEAM = R6V3TXD99T;
				INFOPLIST_FILE = ArtableAdmin/Info.plist;
				IPHONEOS_DEPLOYMENT_TARGET = 10.0;
				LD_RUNPATH_SEARCH_PATHS = (
					"$(inherited)",
					"@executable_path/Frameworks",
				);
				PRODUCT_BUNDLE_IDENTIFIER = com.fredlefevre.ArtableAdmin;
				PRODUCT_NAME = "$(TARGET_NAME)";
				SWIFT_VERSION = 5.0;
				TARGETED_DEVICE_FAMILY = "1,2";
			};
			name = Debug;
		};
		48C1471222A986EA004987CF /* Release */ = {
			isa = XCBuildConfiguration;
			baseConfigurationReference = 459C45CDB919CBBB0512817E /* Pods-ArtableAdmin.release.xcconfig */;
			buildSettings = {
				ASSETCATALOG_COMPILER_APPICON_NAME = AppIcon;
				CODE_SIGN_STYLE = Automatic;
				DEVELOPMENT_TEAM = R6V3TXD99T;
				INFOPLIST_FILE = ArtableAdmin/Info.plist;
				IPHONEOS_DEPLOYMENT_TARGET = 10.0;
				LD_RUNPATH_SEARCH_PATHS = (
					"$(inherited)",
					"@executable_path/Frameworks",
				);
				PRODUCT_BUNDLE_IDENTIFIER = com.fredlefevre.ArtableAdmin;
				PRODUCT_NAME = "$(TARGET_NAME)";
				SWIFT_VERSION = 5.0;
				TARGETED_DEVICE_FAMILY = "1,2";
			};
			name = Release;
		};
/* End XCBuildConfiguration section */

/* Begin XCConfigurationList section */
		48C146E322A986C4004987CF /* Build configuration list for PBXProject "Artable" */ = {
			isa = XCConfigurationList;
			buildConfigurations = (
				48C146F822A986C5004987CF /* Debug */,
				48C146F922A986C5004987CF /* Release */,
			);
			defaultConfigurationIsVisible = 0;
			defaultConfigurationName = Release;
		};
		48C146FA22A986C5004987CF /* Build configuration list for PBXNativeTarget "Artable" */ = {
			isa = XCConfigurationList;
			buildConfigurations = (
				48C146FB22A986C5004987CF /* Debug */,
				48C146FC22A986C5004987CF /* Release */,
			);
			defaultConfigurationIsVisible = 0;
			defaultConfigurationName = Release;
		};
		48C1471022A986EA004987CF /* Build configuration list for PBXNativeTarget "ArtableAdmin" */ = {
			isa = XCConfigurationList;
			buildConfigurations = (
				48C1471122A986EA004987CF /* Debug */,
				48C1471222A986EA004987CF /* Release */,
			);
			defaultConfigurationIsVisible = 0;
			defaultConfigurationName = Release;
		};
/* End XCConfigurationList section */
	};
	rootObject = 48C146E022A986C4004987CF /* Project object */;
}
